
Microsoft Visual Studio Solution File, Format Version 12.00
# Visual Studio 15
VisualStudioVersion = 15.0.28307.102
MinimumVisualStudioVersion = 10.0.40219.1
Project("{FAE04EC0-301F-11D3-BF4B-00C04F79EFBC}") = "JustWriteAPI", "JustWriteAPI\JustWriteAPI.csproj", "{12D0C671-69C7-43B9-A124-37071CC694DA}"
EndProject
Global
	GlobalSection(SolutionConfigurationPlatforms) = preSolution
		Debug|Any CPU = Debug|Any CPU
		Release|Any CPU = Release|Any CPU
	EndGlobalSection
	GlobalSection(ProjectConfigurationPlatforms) = postSolution
		{12D0C671-69C7-43B9-A124-37071CC694DA}.Debug|Any CPU.ActiveCfg = Debug|Any CPU
		{12D0C671-69C7-43B9-A124-37071CC694DA}.Debug|Any CPU.Build.0 = Debug|Any CPU
		{12D0C671-69C7-43B9-A124-37071CC694DA}.Release|Any CPU.ActiveCfg = Release|Any CPU
		{12D0C671-69C7-43B9-A124-37071CC694DA}.Release|Any CPU.Build.0 = Release|Any CPU
	EndGlobalSection
	GlobalSection(SolutionProperties) = preSolution
		HideSolutionNode = FALSE
	EndGlobalSection
	GlobalSection(ExtensibilityGlobals) = postSolution
		SolutionGuid = {DF4AA319-DCF4-44B9-B39B-44886C66988B}
	EndGlobalSection
EndGlobal
